
Microsoft Visual Studio Solution File, Format Version 11.00
# Visual Studio 2010
Project("{CAA73BB0-EF22-4D79-A57E-DF67B3BA9C80}") = "GrantThorntonTDS", "GrantThorntonTDS.scproj", "{0338CE30-EA7E-4BC6-949E-21ABAC9E8241}"
EndProject
Global
	GlobalSection(SolutionConfigurationPlatforms) = preSolution
		Debug|Any CPU = Debug|Any CPU
		Release|Any CPU = Release|Any CPU
	EndGlobalSection
	GlobalSection(ProjectConfigurationPlatforms) = postSolution
		{0338CE30-EA7E-4BC6-949E-21ABAC9E8241}.Debug|Any CPU.ActiveCfg = Debug|Any CPU
		{0338CE30-EA7E-4BC6-949E-21ABAC9E8241}.Debug|Any CPU.Build.0 = Debug|Any CPU
		{0338CE30-EA7E-4BC6-949E-21ABAC9E8241}.Debug|Any CPU.Deploy.0 = Debug|Any CPU
		{0338CE30-EA7E-4BC6-949E-21ABAC9E8241}.Release|Any CPU.ActiveCfg = Release|Any CPU
		{0338CE30-EA7E-4BC6-949E-21ABAC9E8241}.Release|Any CPU.Build.0 = Release|Any CPU
		{0338CE30-EA7E-4BC6-949E-21ABAC9E8241}.Release|Any CPU.Deploy.0 = Release|Any CPU
	EndGlobalSection
	GlobalSection(SolutionProperties) = preSolution
		HideSolutionNode = FALSE
	EndGlobalSection
EndGlobal
